
Microsoft Visual Studio Solution File, Format Version 12.00
# Visual Studio Version 16
VisualStudioVersion = 16.0.31613.86
MinimumVisualStudioVersion = 10.0.40219.1
Project("{FAE04EC0-301F-11D3-BF4B-00C04F79EFBC}") = "1", "1\1.csproj", "{E4310DCF-5FFE-4FB2-9F9C-3B8B23534329}"
EndProject
Global
	GlobalSection(SolutionConfigurationPlatforms) = preSolution
		Debug|Any CPU = Debug|Any CPU
		Release|Any CPU = Release|Any CPU
	EndGlobalSection
	GlobalSection(ProjectConfigurationPlatforms) = postSolution
		{E4310DCF-5FFE-4FB2-9F9C-3B8B23534329}.Debug|Any CPU.ActiveCfg = Debug|Any CPU
		{E4310DCF-5FFE-4FB2-9F9C-3B8B23534329}.Debug|Any CPU.Build.0 = Debug|Any CPU
		{E4310DCF-5FFE-4FB2-9F9C-3B8B23534329}.Release|Any CPU.ActiveCfg = Release|Any CPU
		{E4310DCF-5FFE-4FB2-9F9C-3B8B23534329}.Release|Any CPU.Build.0 = Release|Any CPU
	EndGlobalSection
	GlobalSection(SolutionProperties) = preSolution
		HideSolutionNode = FALSE
	EndGlobalSection
	GlobalSection(ExtensibilityGlobals) = postSolution
		SolutionGuid = {7DFF8703-9836-4909-9196-5FFCFF911769}
	EndGlobalSection
EndGlobal
