
Microsoft Visual Studio Solution File, Format Version 12.00
# Visual Studio Version 16
VisualStudioVersion = 16.0.31613.86
MinimumVisualStudioVersion = 10.0.40219.1
Project("{FAE04EC0-301F-11D3-BF4B-00C04F79EFBC}") = "1", "1\1.csproj", "{3086B672-1107-4490-9FCD-E308C5682725}"
EndProject
Global
	GlobalSection(SolutionConfigurationPlatforms) = preSolution
		Debug|Any CPU = Debug|Any CPU
		Release|Any CPU = Release|Any CPU
	EndGlobalSection
	GlobalSection(ProjectConfigurationPlatforms) = postSolution
		{3086B672-1107-4490-9FCD-E308C5682725}.Debug|Any CPU.ActiveCfg = Debug|Any CPU
		{3086B672-1107-4490-9FCD-E308C5682725}.Debug|Any CPU.Build.0 = Debug|Any CPU
		{3086B672-1107-4490-9FCD-E308C5682725}.Release|Any CPU.ActiveCfg = Release|Any CPU
		{3086B672-1107-4490-9FCD-E308C5682725}.Release|Any CPU.Build.0 = Release|Any CPU
	EndGlobalSection
	GlobalSection(SolutionProperties) = preSolution
		HideSolutionNode = FALSE
	EndGlobalSection
	GlobalSection(ExtensibilityGlobals) = postSolution
		SolutionGuid = {796EB9A3-9E92-4F19-9470-02A05BAB8C6A}
	EndGlobalSection
EndGlobal
